
Microsoft Visual Studio Solution File, Format Version 12.00
# Visual Studio 2012
Project("{FAE04EC0-301F-11D3-BF4B-00C04F79EFBC}") = "testSQLiteApp", "testSQLiteApp\testSQLiteApp.csproj", "{B1167D42-5CA7-4E72-A78C-49E97E5F05B0}"
EndProject
Project("{FAE04EC0-301F-11D3-BF4B-00C04F79EFBC}") = "testSQLiteApp.iOS", "iOS\testSQLiteApp.iOS.csproj", "{4BB0244A-D159-460C-8A0A-A7773636B093}"
EndProject
Project("{FAE04EC0-301F-11D3-BF4B-00C04F79EFBC}") = "testSQLiteApp.Droid", "Droid\testSQLiteApp.Droid.csproj", "{608CBBFD-8E51-4D82-85CA-F8DF928E2C4E}"
EndProject
Global
	GlobalSection(SolutionConfigurationPlatforms) = preSolution
		Debug|Any CPU = Debug|Any CPU
		Release|Any CPU = Release|Any CPU
		Debug|iPhoneSimulator = Debug|iPhoneSimulator
		Release|iPhone = Release|iPhone
		Release|iPhoneSimulator = Release|iPhoneSimulator
		Debug|iPhone = Debug|iPhone
	EndGlobalSection
	GlobalSection(ProjectConfigurationPlatforms) = postSolution
		{B1167D42-5CA7-4E72-A78C-49E97E5F05B0}.Debug|Any CPU.ActiveCfg = Debug|Any CPU
		{B1167D42-5CA7-4E72-A78C-49E97E5F05B0}.Debug|Any CPU.Build.0 = Debug|Any CPU
		{B1167D42-5CA7-4E72-A78C-49E97E5F05B0}.Release|Any CPU.ActiveCfg = Release|Any CPU
		{B1167D42-5CA7-4E72-A78C-49E97E5F05B0}.Release|Any CPU.Build.0 = Release|Any CPU
		{B1167D42-5CA7-4E72-A78C-49E97E5F05B0}.Debug|iPhoneSimulator.ActiveCfg = Debug|Any CPU
		{B1167D42-5CA7-4E72-A78C-49E97E5F05B0}.Debug|iPhoneSimulator.Build.0 = Debug|Any CPU
		{B1167D42-5CA7-4E72-A78C-49E97E5F05B0}.Release|iPhone.ActiveCfg = Release|Any CPU
		{B1167D42-5CA7-4E72-A78C-49E97E5F05B0}.Release|iPhone.Build.0 = Release|Any CPU
		{B1167D42-5CA7-4E72-A78C-49E97E5F05B0}.Release|iPhoneSimulator.ActiveCfg = Release|Any CPU
		{B1167D42-5CA7-4E72-A78C-49E97E5F05B0}.Release|iPhoneSimulator.Build.0 = Release|Any CPU
		{B1167D42-5CA7-4E72-A78C-49E97E5F05B0}.Debug|iPhone.ActiveCfg = Debug|Any CPU
		{B1167D42-5CA7-4E72-A78C-49E97E5F05B0}.Debug|iPhone.Build.0 = Debug|Any CPU
		{4BB0244A-D159-460C-8A0A-A7773636B093}.Debug|Any CPU.ActiveCfg = Debug|iPhoneSimulator
		{4BB0244A-D159-460C-8A0A-A7773636B093}.Debug|Any CPU.Build.0 = Debug|iPhoneSimulator
		{4BB0244A-D159-460C-8A0A-A7773636B093}.Release|Any CPU.ActiveCfg = Release|iPhone
		{4BB0244A-D159-460C-8A0A-A7773636B093}.Release|Any CPU.Build.0 = Release|iPhone
		{4BB0244A-D159-460C-8A0A-A7773636B093}.Debug|iPhoneSimulator.ActiveCfg = Debug|iPhoneSimulator
		{4BB0244A-D159-460C-8A0A-A7773636B093}.Debug|iPhoneSimulator.Build.0 = Debug|iPhoneSimulator
		{4BB0244A-D159-460C-8A0A-A7773636B093}.Release|iPhone.ActiveCfg = Release|iPhone
		{4BB0244A-D159-460C-8A0A-A7773636B093}.Release|iPhone.Build.0 = Release|iPhone
		{4BB0244A-D159-460C-8A0A-A7773636B093}.Release|iPhoneSimulator.ActiveCfg = Release|iPhoneSimulator
		{4BB0244A-D159-460C-8A0A-A7773636B093}.Release|iPhoneSimulator.Build.0 = Release|iPhoneSimulator
		{4BB0244A-D159-460C-8A0A-A7773636B093}.Debug|iPhone.ActiveCfg = Debug|iPhone
		{4BB0244A-D159-460C-8A0A-A7773636B093}.Debug|iPhone.Build.0 = Debug|iPhone
		{608CBBFD-8E51-4D82-85CA-F8DF928E2C4E}.Debug|Any CPU.ActiveCfg = Debug|Any CPU
		{608CBBFD-8E51-4D82-85CA-F8DF928E2C4E}.Debug|Any CPU.Build.0 = Debug|Any CPU
		{608CBBFD-8E51-4D82-85CA-F8DF928E2C4E}.Release|Any CPU.ActiveCfg = Release|Any CPU
		{608CBBFD-8E51-4D82-85CA-F8DF928E2C4E}.Release|Any CPU.Build.0 = Release|Any CPU
		{608CBBFD-8E51-4D82-85CA-F8DF928E2C4E}.Debug|iPhoneSimulator.ActiveCfg = Debug|Any CPU
		{608CBBFD-8E51-4D82-85CA-F8DF928E2C4E}.Debug|iPhoneSimulator.Build.0 = Debug|Any CPU
		{608CBBFD-8E51-4D82-85CA-F8DF928E2C4E}.Release|iPhone.ActiveCfg = Release|Any CPU
		{608CBBFD-8E51-4D82-85CA-F8DF928E2C4E}.Release|iPhone.Build.0 = Release|Any CPU
		{608CBBFD-8E51-4D82-85CA-F8DF928E2C4E}.Release|iPhoneSimulator.ActiveCfg = Release|Any CPU
		{608CBBFD-8E51-4D82-85CA-F8DF928E2C4E}.Release|iPhoneSimulator.Build.0 = Release|Any CPU
		{608CBBFD-8E51-4D82-85CA-F8DF928E2C4E}.Debug|iPhone.ActiveCfg = Debug|Any CPU
		{608CBBFD-8E51-4D82-85CA-F8DF928E2C4E}.Debug|iPhone.Build.0 = Debug|Any CPU
	EndGlobalSection
EndGlobal
